// !$*UTF8*$!
{
	archiveVersion = 1;
	classes = {
	};
	objectVersion = 50;
	objects = {

/* Begin PBXBuildFile section */
		DE8FAB0E2542F3E000D5CF6B /* Lec.6.c in Sources */ = {isa = PBXBuildFile; fileRef = DE8FAB0D2542F3E000D5CF6B /* Lec.6.c */; };
		DEB7CD4F25407A6A005A778D /* Lec.5.c in Sources */ = {isa = PBXBuildFile; fileRef = DEB7CD4E25407A6A005A778D /* Lec.5.c */; };
		DEC11AD3254710DA00726741 /* Lec.7.c in Sources */ = {isa = PBXBuildFile; fileRef = DEC11AD2254710DA00726741 /* Lec.7.c */; };
		DEC11AD62547D91800726741 /* Lec.8.c in Sources */ = {isa = PBXBuildFile; fileRef = DEC11AD52547D91800726741 /* Lec.8.c */; };
		DEC11AD92547E5AF00726741 /* Lec.9.c in Sources */ = {isa = PBXBuildFile; fileRef = DEC11AD82547E5AF00726741 /* Lec.9.c */; };
		DEF562F5253D5DC200FD9C9C /* main.c in Sources */ = {isa = PBXBuildFile; fileRef = DEF562F4253D5DC200FD9C9C /* main.c */; };
		DEF56306253D608500FD9C9C /* Lec.1.c in Sources */ = {isa = PBXBuildFile; fileRef = DEF56305253D608500FD9C9C /* Lec.1.c */; };
		DEF56309253D60B500FD9C9C /* Lec.2.c in Sources */ = {isa = PBXBuildFile; fileRef = DEF56308253D60B500FD9C9C /* Lec.2.c */; };
		DEF56310253D778600FD9C9C /* Lec.3.c in Sources */ = {isa = PBXBuildFile; fileRef = DEF5630F253D778600FD9C9C /* Lec.3.c */; };
		DEF56317253D799700FD9C9C /* Lec.4.c in Sources */ = {isa = PBXBuildFile; fileRef = DEF56316253D799700FD9C9C /* Lec.4.c */; };
/* End PBXBuildFile section */

/* Begin PBXCopyFilesBuildPhase section */
		DEF562EF253D5DC200FD9C9C /* CopyFiles */ = {
			isa = PBXCopyFilesBuildPhase;
			buildActionMask = 2147483647;
			dstPath = /usr/share/man/man1/;
			dstSubfolderSpec = 0;
			files = (
			);
			runOnlyForDeploymentPostprocessing = 1;
		};
/* End PBXCopyFilesBuildPhase section */

/* Begin PBXFileReference section */
		DE8FAB0D2542F3E000D5CF6B /* Lec.6.c */ = {isa = PBXFileReference; fileEncoding = 4; lastKnownFileType = sourcecode.c.c; path = Lec.6.c; sourceTree = "<group>"; };
		DEB7CD4E25407A6A005A778D /* Lec.5.c */ = {isa = PBXFileReference; fileEncoding = 4; lastKnownFileType = sourcecode.c.c; path = Lec.5.c; sourceTree = "<group>"; };
		DEC11AD2254710DA00726741 /* Lec.7.c */ = {isa = PBXFileReference; fileEncoding = 4; lastKnownFileType = sourcecode.c.c; path = Lec.7.c; sourceTree = "<group>"; };
		DEC11AD52547D91800726741 /* Lec.8.c */ = {isa = PBXFileReference; fileEncoding = 4; lastKnownFileType = sourcecode.c.c; path = Lec.8.c; sourceTree = "<group>"; };
		DEC11AD82547E5AF00726741 /* Lec.9.c */ = {isa = PBXFileReference; fileEncoding = 4; lastKnownFileType = sourcecode.c.c; path = Lec.9.c; sourceTree = "<group>"; };
		DEF562F1253D5DC200FD9C9C /* Studying C */ = {isa = PBXFileReference; explicitFileType = "compiled.mach-o.executable"; includeInIndex = 0; path = "Studying C"; sourceTree = BUILT_PRODUCTS_DIR; };
		DEF562F4253D5DC200FD9C9C /* main.c */ = {isa = PBXFileReference; lastKnownFileType = sourcecode.c.c; path = main.c; sourceTree = "<group>"; };
		DEF56305253D608500FD9C9C /* Lec.1.c */ = {isa = PBXFileReference; lastKnownFileType = sourcecode.c.c; path = Lec.1.c; sourceTree = "<group>"; };
		DEF56308253D60B500FD9C9C /* Lec.2.c */ = {isa = PBXFileReference; fileEncoding = 4; lastKnownFileType = sourcecode.c.c; path = Lec.2.c; sourceTree = "<group>"; };
		DEF5630F253D778600FD9C9C /* Lec.3.c */ = {isa = PBXFileReference; fileEncoding = 4; lastKnownFileType = sourcecode.c.c; path = Lec.3.c; sourceTree = "<group>"; };
		DEF56316253D799700FD9C9C /* Lec.4.c */ = {isa = PBXFileReference; fileEncoding = 4; lastKnownFileType = sourcecode.c.c; path = Lec.4.c; sourceTree = "<group>"; };
/* End PBXFileReference section */

/* Begin PBXFrameworksBuildPhase section */
		DEF562EE253D5DC200FD9C9C /* Frameworks */ = {
			isa = PBXFrameworksBuildPhase;
			buildActionMask = 2147483647;
			files = (
			);
			runOnlyForDeploymentPostprocessing = 0;
		};
/* End PBXFrameworksBuildPhase section */

/* Begin PBXGroup section */
		DEF562E8253D5DC200FD9C9C = {
			isa = PBXGroup;
			children = (
				DEF562F3253D5DC200FD9C9C /* Studying C */,
				DEF562F2253D5DC200FD9C9C /* Products */,
			);
			sourceTree = "<group>";
		};
		DEF562F2253D5DC200FD9C9C /* Products */ = {
			isa = PBXGroup;
			children = (
				DEF562F1253D5DC200FD9C9C /* Studying C */,
			);
			name = Products;
			sourceTree = "<group>";
		};
		DEF562F3253D5DC200FD9C9C /* Studying C */ = {
			isa = PBXGroup;
			children = (
				DEF562FD253D5DFA00FD9C9C /* Goorm */,
				DEF562FC253D5DF100FD9C9C /* Pointer 500 */,
				DEF562F4253D5DC200FD9C9C /* main.c */,
			);
			path = "Studying C";
			sourceTree = "<group>";
		};
		DEF562FC253D5DF100FD9C9C /* Pointer 500 */ = {
			isa = PBXGroup;
			children = (
			);
			path = "Pointer 500";
			sourceTree = "<group>";
		};
		DEF562FD253D5DFA00FD9C9C /* Goorm */ = {
			isa = PBXGroup;
			children = (
				DEF56305253D608500FD9C9C /* Lec.1.c */,
				DEF56308253D60B500FD9C9C /* Lec.2.c */,
				DEF5630F253D778600FD9C9C /* Lec.3.c */,
				DEF56316253D799700FD9C9C /* Lec.4.c */,
				DEB7CD4E25407A6A005A778D /* Lec.5.c */,
				DE8FAB0D2542F3E000D5CF6B /* Lec.6.c */,
				DEC11AD2254710DA00726741 /* Lec.7.c */,
				DEC11AD52547D91800726741 /* Lec.8.c */,
				DEC11AD82547E5AF00726741 /* Lec.9.c */,
			);
			path = Goorm;
			sourceTree = "<group>";
		};
/* End PBXGroup section */

/* Begin PBXNativeTarget section */
		DEF562F0253D5DC200FD9C9C /* Studying C */ = {
			isa = PBXNativeTarget;
			buildConfigurationList = DEF562F8253D5DC200FD9C9C /* Build configuration list for PBXNativeTarget "Studying C" */;
			buildPhases = (
				DEF562ED253D5DC200FD9C9C /* Sources */,
				DEF562EE253D5DC200FD9C9C /* Frameworks */,
				DEF562EF253D5DC200FD9C9C /* CopyFiles */,
			);
			buildRules = (
			);
			dependencies = (
			);
			name = "Studying C";
			productName = "Studying C";
			productReference = DEF562F1253D5DC200FD9C9C /* Studying C */;
			productType = "com.apple.product-type.tool";
		};
/* End PBXNativeTarget section */

/* Begin PBXProject section */
		DEF562E9253D5DC200FD9C9C /* Project object */ = {
			isa = PBXProject;
			attributes = {
				LastUpgradeCheck = 1200;
				TargetAttributes = {
					DEF562F0253D5DC200FD9C9C = {
						CreatedOnToolsVersion = 12.0.1;
					};
				};
			};
			buildConfigurationList = DEF562EC253D5DC200FD9C9C /* Build configuration list for PBXProject "Studying C" */;
			compatibilityVersion = "Xcode 9.3";
			developmentRegion = en;
			hasScannedForEncodings = 0;
			knownRegions = (
				en,
				Base,
			);
			mainGroup = DEF562E8253D5DC200FD9C9C;
			productRefGroup = DEF562F2253D5DC200FD9C9C /* Products */;
			projectDirPath = "";
			projectRoot = "";
			targets = (
				DEF562F0253D5DC200FD9C9C /* Studying C */,
			);
		};
/* End PBXProject section */

/* Begin PBXSourcesBuildPhase section */
		DEF562ED253D5DC200FD9C9C /* Sources */ = {
			isa = PBXSourcesBuildPhase;
			buildActionMask = 2147483647;
			files = (
				DEF56309253D60B500FD9C9C /* Lec.2.c in Sources */,
				DEC11AD3254710DA00726741 /* Lec.7.c in Sources */,
				DE8FAB0E2542F3E000D5CF6B /* Lec.6.c in Sources */,
				DEC11AD92547E5AF00726741 /* Lec.9.c in Sources */,
				DEF56306253D608500FD9C9C /* Lec.1.c in Sources */,
				DEF562F5253D5DC200FD9C9C /* main.c in Sources */,
				DEB7CD4F25407A6A005A778D /* Lec.5.c in Sources */,
				DEC11AD62547D91800726741 /* Lec.8.c in Sources */,
				DEF56317253D799700FD9C9C /* Lec.4.c in Sources */,
				DEF56310253D778600FD9C9C /* Lec.3.c in Sources */,
			);
			runOnlyForDeploymentPostprocessing = 0;
		};
/* End PBXSourcesBuildPhase section */

/* Begin XCBuildConfiguration section */
		DEF562F6253D5DC200FD9C9C /* Debug */ = {
			isa = XCBuildConfiguration;
			buildSettings = {
				ALWAYS_SEARCH_USER_PATHS = NO;
				CLANG_ANALYZER_NONNULL = YES;
				CLANG_ANALYZER_NUMBER_OBJECT_CONVERSION = YES_AGGRESSIVE;
				CLANG_CXX_LANGUAGE_STANDARD = "gnu++14";
				CLANG_CXX_LIBRARY = "libc++";
				CLANG_ENABLE_MODULES = YES;
				CLANG_ENABLE_OBJC_ARC = YES;
				CLANG_ENABLE_OBJC_WEAK = YES;
				CLANG_WARN_BLOCK_CAPTURE_AUTORELEASING = YES;
				CLANG_WARN_BOOL_CONVERSION = YES;
				CLANG_WARN_COMMA = YES;
				CLANG_WARN_CONSTANT_CONVERSION = YES;
				CLANG_WARN_DEPRECATED_OBJC_IMPLEMENTATIONS = YES;
				CLANG_WARN_DIRECT_OBJC_ISA_USAGE = YES_ERROR;
				CLANG_WARN_DOCUMENTATION_COMMENTS = YES;
				CLANG_WARN_EMPTY_BODY = YES;
				CLANG_WARN_ENUM_CONVERSION = YES;
				CLANG_WARN_INFINITE_RECURSION = YES;
				CLANG_WARN_INT_CONVERSION = YES;
				CLANG_WARN_NON_LITERAL_NULL_CONVERSION = YES;
				CLANG_WARN_OBJC_IMPLICIT_RETAIN_SELF = YES;
				CLANG_WARN_OBJC_LITERAL_CONVERSION = YES;
				CLANG_WARN_OBJC_ROOT_CLASS = YES_ERROR;
				CLANG_WARN_QUOTED_INCLUDE_IN_FRAMEWORK_HEADER = YES;
				CLANG_WARN_RANGE_LOOP_ANALYSIS = YES;
				CLANG_WARN_STRICT_PROTOTYPES = YES;
				CLANG_WARN_SUSPICIOUS_MOVE = YES;
				CLANG_WARN_UNGUARDED_AVAILABILITY = YES_AGGRESSIVE;
				CLANG_WARN_UNREACHABLE_CODE = YES;
				CLANG_WARN__DUPLICATE_METHOD_MATCH = YES;
				COPY_PHASE_STRIP = NO;
				DEBUG_INFORMATION_FORMAT = dwarf;
				ENABLE_STRICT_OBJC_MSGSEND = YES;
				ENABLE_TESTABILITY = YES;
				GCC_C_LANGUAGE_STANDARD = gnu11;
				GCC_DYNAMIC_NO_PIC = NO;
				GCC_NO_COMMON_BLOCKS = YES;
				GCC_OPTIMIZATION_LEVEL = 0;
				GCC_PREPROCESSOR_DEFINITIONS = (
					"DEBUG=1",
					"$(inherited)",
				);
				GCC_WARN_64_TO_32_BIT_CONVERSION = YES;
				GCC_WARN_ABOUT_RETURN_TYPE = YES_ERROR;
				GCC_WARN_UNDECLARED_SELECTOR = YES;
				GCC_WARN_UNINITIALIZED_AUTOS = YES_AGGRESSIVE;
				GCC_WARN_UNUSED_FUNCTION = YES;
				GCC_WARN_UNUSED_VARIABLE = YES;
				MACOSX_DEPLOYMENT_TARGET = 10.15;
				MTL_ENABLE_DEBUG_INFO = INCLUDE_SOURCE;
				MTL_FAST_MATH = YES;
				ONLY_ACTIVE_ARCH = YES;
				SDKROOT = macosx;
			};
			name = Debug;
		};
		DEF562F7253D5DC200FD9C9C /* Release */ = {
			isa = XCBuildConfiguration;
			buildSettings = {
				ALWAYS_SEARCH_USER_PATHS = NO;
				CLANG_ANALYZER_NONNULL = YES;
				CLANG_ANALYZER_NUMBER_OBJECT_CONVERSION = YES_AGGRESSIVE;
				CLANG_CXX_LANGUAGE_STANDARD = "gnu++14";
				CLANG_CXX_LIBRARY = "libc++";
				CLANG_ENABLE_MODULES = YES;
				CLANG_ENABLE_OBJC_ARC = YES;
				CLANG_ENABLE_OBJC_WEAK = YES;
				CLANG_WARN_BLOCK_CAPTURE_AUTORELEASING = YES;
				CLANG_WARN_BOOL_CONVERSION = YES;
				CLANG_WARN_COMMA = YES;
				CLANG_WARN_CONSTANT_CONVERSION = YES;
				CLANG_WARN_DEPRECATED_OBJC_IMPLEMENTATIONS = YES;
				CLANG_WARN_DIRECT_OBJC_ISA_USAGE = YES_ERROR;
				CLANG_WARN_DOCUMENTATION_COMMENTS = YES;
				CLANG_WARN_EMPTY_BODY = YES;
				CLANG_WARN_ENUM_CONVERSION = YES;
				CLANG_WARN_INFINITE_RECURSION = YES;
				CLANG_WARN_INT_CONVERSION = YES;
				CLANG_WARN_NON_LITERAL_NULL_CONVERSION = YES;
				CLANG_WARN_OBJC_IMPLICIT_RETAIN_SELF = YES;
				CLANG_WARN_OBJC_LITERAL_CONVERSION = YES;
				CLANG_WARN_OBJC_ROOT_CLASS = YES_ERROR;
				CLANG_WARN_QUOTED_INCLUDE_IN_FRAMEWORK_HEADER = YES;
				CLANG_WARN_RANGE_LOOP_ANALYSIS = YES;
				CLANG_WARN_STRICT_PROTOTYPES = YES;
				CLANG_WARN_SUSPICIOUS_MOVE = YES;
				CLANG_WARN_UNGUARDED_AVAILABILITY = YES_AGGRESSIVE;
				CLANG_WARN_UNREACHABLE_CODE = YES;
				CLANG_WARN__DUPLICATE_METHOD_MATCH = YES;
				COPY_PHASE_STRIP = NO;
				DEBUG_INFORMATION_FORMAT = "dwarf-with-dsym";
				ENABLE_NS_ASSERTIONS = NO;
				ENABLE_STRICT_OBJC_MSGSEND = YES;
				GCC_C_LANGUAGE_STANDARD = gnu11;
				GCC_NO_COMMON_BLOCKS = YES;
				GCC_WARN_64_TO_32_BIT_CONVERSION = YES;
				GCC_WARN_ABOUT_RETURN_TYPE = YES_ERROR;
				GCC_WARN_UNDECLARED_SELECTOR = YES;
				GCC_WARN_UNINITIALIZED_AUTOS = YES_AGGRESSIVE;
				GCC_WARN_UNUSED_FUNCTION = YES;
				GCC_WARN_UNUSED_VARIABLE = YES;
				MACOSX_DEPLOYMENT_TARGET = 10.15;
				MTL_ENABLE_DEBUG_INFO = NO;
				MTL_FAST_MATH = YES;
				SDKROOT = macosx;
			};
			name = Release;
		};
		DEF562F9253D5DC200FD9C9C /* Debug */ = {
			isa = XCBuildConfiguration;
			buildSettings = {
				CODE_SIGN_STYLE = Automatic;
				PRODUCT_NAME = "$(TARGET_NAME)";
			};
			name = Debug;
		};
		DEF562FA253D5DC200FD9C9C /* Release */ = {
			isa = XCBuildConfiguration;
			buildSettings = {
				CODE_SIGN_STYLE = Automatic;
				PRODUCT_NAME = "$(TARGET_NAME)";
			};
			name = Release;
		};
/* End XCBuildConfiguration section */

/* Begin XCConfigurationList section */
		DEF562EC253D5DC200FD9C9C /* Build configuration list for PBXProject "Studying C" */ = {
			isa = XCConfigurationList;
			buildConfigurations = (
				DEF562F6253D5DC200FD9C9C /* Debug */,
				DEF562F7253D5DC200FD9C9C /* Release */,
			);
			defaultConfigurationIsVisible = 0;
			defaultConfigurationName = Release;
		};
		DEF562F8253D5DC200FD9C9C /* Build configuration list for PBXNativeTarget "Studying C" */ = {
			isa = XCConfigurationList;
			buildConfigurations = (
				DEF562F9253D5DC200FD9C9C /* Debug */,
				DEF562FA253D5DC200FD9C9C /* Release */,
			);
			defaultConfigurationIsVisible = 0;
			defaultConfigurationName = Release;
		};
/* End XCConfigurationList section */
	};
	rootObject = DEF562E9253D5DC200FD9C9C /* Project object */;
}
